
Microsoft Visual Studio Solution File, Format Version 12.00
# Visual Studio Version 17
VisualStudioVersion = 17.10.35122.118
MinimumVisualStudioVersion = 10.0.40219.1
Project("{9A19103F-16F7-4668-BE54-9A1E7A4F7556}") = "WebSocketCommunication", "WebSocketCommunication\WebSocketCommunication.csproj", "{BAD0145E-577E-4A3E-A8E5-5AEA6EECCAFE}"
EndProject
Project("{FAE04EC0-301F-11D3-BF4B-00C04F79EFBC}") = "TestClientApp", "TestClientApp\TestClientApp.csproj", "{076EF160-C6F8-437F-89A1-CCC01CB2B1DE}"
EndProject
Project("{FAE04EC0-301F-11D3-BF4B-00C04F79EFBC}") = "TestServerApp", "TestServerApp\TestServerApp.csproj", "{46B7C62A-DBDF-4774-AFEC-9F5EE9B7AC0B}"
EndProject
Global
	GlobalSection(SolutionConfigurationPlatforms) = preSolution
		Debug|Any CPU = Debug|Any CPU
		Release|Any CPU = Release|Any CPU
	EndGlobalSection
	GlobalSection(ProjectConfigurationPlatforms) = postSolution
		{BAD0145E-577E-4A3E-A8E5-5AEA6EECCAFE}.Debug|Any CPU.ActiveCfg = Debug|Any CPU
		{BAD0145E-577E-4A3E-A8E5-5AEA6EECCAFE}.Debug|Any CPU.Build.0 = Debug|Any CPU
		{BAD0145E-577E-4A3E-A8E5-5AEA6EECCAFE}.Release|Any CPU.ActiveCfg = Release|Any CPU
		{BAD0145E-577E-4A3E-A8E5-5AEA6EECCAFE}.Release|Any CPU.Build.0 = Release|Any CPU
		{076EF160-C6F8-437F-89A1-CCC01CB2B1DE}.Debug|Any CPU.ActiveCfg = Debug|Any CPU
		{076EF160-C6F8-437F-89A1-CCC01CB2B1DE}.Debug|Any CPU.Build.0 = Debug|Any CPU
		{076EF160-C6F8-437F-89A1-CCC01CB2B1DE}.Release|Any CPU.ActiveCfg = Release|Any CPU
		{076EF160-C6F8-437F-89A1-CCC01CB2B1DE}.Release|Any CPU.Build.0 = Release|Any CPU
		{46B7C62A-DBDF-4774-AFEC-9F5EE9B7AC0B}.Debug|Any CPU.ActiveCfg = Debug|Any CPU
		{46B7C62A-DBDF-4774-AFEC-9F5EE9B7AC0B}.Debug|Any CPU.Build.0 = Debug|Any CPU
		{46B7C62A-DBDF-4774-AFEC-9F5EE9B7AC0B}.Release|Any CPU.ActiveCfg = Release|Any CPU
		{46B7C62A-DBDF-4774-AFEC-9F5EE9B7AC0B}.Release|Any CPU.Build.0 = Release|Any CPU
	EndGlobalSection
	GlobalSection(SolutionProperties) = preSolution
		HideSolutionNode = FALSE
	EndGlobalSection
	GlobalSection(ExtensibilityGlobals) = postSolution
		SolutionGuid = {B638417C-3655-4150-9A6F-4AF7C549B856}
	EndGlobalSection
EndGlobal
